
Microsoft Visual Studio Solution File, Format Version 12.00
# Visual Studio Version 17
VisualStudioVersion = 17.5.33414.496
MinimumVisualStudioVersion = 10.0.40219.1
Project("{FAE04EC0-301F-11D3-BF4B-00C04F79EFBC}") = "TULParallelProg", "TULParallelProg\TULParallelProg.csproj", "{A1DF3DCA-5E1F-457C-A35D-73C93C619BDF}"
EndProject
Project("{FAE04EC0-301F-11D3-BF4B-00C04F79EFBC}") = "ProgramUnitTests", "ProgramTests\ProgramUnitTests.csproj", "{FD611AB4-3FB9-4D5A-8E6F-50CAD5249C60}"
EndProject
Global
	GlobalSection(SolutionConfigurationPlatforms) = preSolution
		Debug|Any CPU = Debug|Any CPU
		Release|Any CPU = Release|Any CPU
	EndGlobalSection
	GlobalSection(ProjectConfigurationPlatforms) = postSolution
		{A1DF3DCA-5E1F-457C-A35D-73C93C619BDF}.Debug|Any CPU.ActiveCfg = Debug|Any CPU
		{A1DF3DCA-5E1F-457C-A35D-73C93C619BDF}.Debug|Any CPU.Build.0 = Debug|Any CPU
		{A1DF3DCA-5E1F-457C-A35D-73C93C619BDF}.Release|Any CPU.ActiveCfg = Release|Any CPU
		{A1DF3DCA-5E1F-457C-A35D-73C93C619BDF}.Release|Any CPU.Build.0 = Release|Any CPU
		{FD611AB4-3FB9-4D5A-8E6F-50CAD5249C60}.Debug|Any CPU.ActiveCfg = Debug|Any CPU
		{FD611AB4-3FB9-4D5A-8E6F-50CAD5249C60}.Debug|Any CPU.Build.0 = Debug|Any CPU
		{FD611AB4-3FB9-4D5A-8E6F-50CAD5249C60}.Release|Any CPU.ActiveCfg = Release|Any CPU
		{FD611AB4-3FB9-4D5A-8E6F-50CAD5249C60}.Release|Any CPU.Build.0 = Release|Any CPU
	EndGlobalSection
	GlobalSection(SolutionProperties) = preSolution
		HideSolutionNode = FALSE
	EndGlobalSection
	GlobalSection(ExtensibilityGlobals) = postSolution
		SolutionGuid = {01F16FFE-7FB7-4D3C-822A-146CB982B491}
	EndGlobalSection
EndGlobal
